
Microsoft Visual Studio Solution File, Format Version 12.00
# Visual Studio Version 17
VisualStudioVersion = 17.6.33829.357
MinimumVisualStudioVersion = 10.0.40219.1
Project("{FAE04EC0-301F-11D3-BF4B-00C04F79EFBC}") = "C#-hinhtron", "C#-hinhtron\C#-hinhtron.csproj", "{E8022EC9-723C-4D6B-9614-125B21CC4F21}"
EndProject
Global
	GlobalSection(SolutionConfigurationPlatforms) = preSolution
		Debug|Any CPU = Debug|Any CPU
		Release|Any CPU = Release|Any CPU
	EndGlobalSection
	GlobalSection(ProjectConfigurationPlatforms) = postSolution
		{E8022EC9-723C-4D6B-9614-125B21CC4F21}.Debug|Any CPU.ActiveCfg = Debug|Any CPU
		{E8022EC9-723C-4D6B-9614-125B21CC4F21}.Debug|Any CPU.Build.0 = Debug|Any CPU
		{E8022EC9-723C-4D6B-9614-125B21CC4F21}.Release|Any CPU.ActiveCfg = Release|Any CPU
		{E8022EC9-723C-4D6B-9614-125B21CC4F21}.Release|Any CPU.Build.0 = Release|Any CPU
	EndGlobalSection
	GlobalSection(SolutionProperties) = preSolution
		HideSolutionNode = FALSE
	EndGlobalSection
	GlobalSection(ExtensibilityGlobals) = postSolution
		SolutionGuid = {D682873F-5633-4713-A4A9-CACA0C4616BD}
	EndGlobalSection
EndGlobal
